lockfileVersion: '6.0'

settings:
  autoInstallPeers: true
  excludeLinksFromLockfile: false

dependencies:
  next-transpile-modules:
    specifier: ^10.0.1
    version: 10.0.1
  react-vertical-timeline-component:
    specifier: ^3.6.0
    version: 3.6.0(react@18.2.0)

packages:

  /classnames@2.5.1:
    resolution: {integrity: sha512-saHYOzhIQs6wy2sVxTM6bUDsQO4F50V9RQ22qBpEdCW+I+/Wmke2HOl6lS6dTpdxVhb88/I6+Hs+438c3lfUow==}
    dev: false

  /enhanced-resolve@5.15.0:
    resolution: {integrity: sha512-LXYT42KJ7lpIKECr2mAXIaMldcNCh/7E0KBKOu4KSfkHmP+mZmSs+8V5gBAqisWBy0OO4W5Oyys0GO1Y8KtdKg==}
    engines: {node: '>=10.13.0'}
    dependencies:
      graceful-fs: 4.2.11
      tapable: 2.2.1
    dev: false

  /graceful-fs@4.2.11:
    resolution: {integrity: sha512-RbJ5/jmFcNNCcDV5o9eTnBLJ/HszWV0P73bc+Ff4nS/rJj+YaS6IGyiOL0VoBYX+l1Wrl3k63h/KrH+nhJ0XvQ==}
    dev: false

  /js-tokens@4.0.0:
    resolution: {integrity: sha512-RdJUflcE3cUzKiMqQgsCu06FPu9UdIJO0beYbPhHN4k6apgJtifcoCtT9bcxOpYBtpD2kCM6Sbzg4CausW/PKQ==}
    dev: false

  /loose-envify@1.4.0:
    resolution: {integrity: sha512-lyuxPGr/Wfhrlem2CL/UcnUc1zcqKAImBDzukY7Y5F/yQiNdko6+fRLevlw1HgMySw7f611UIY408EtxRSoK3Q==}
    hasBin: true
    dependencies:
      js-tokens: 4.0.0
    dev: false

  /next-transpile-modules@10.0.1:
    resolution: {integrity: sha512-4VX/LCMofxIYAVV58UmD+kr8jQflpLWvas/BQ4Co0qWLWzVh06FoZkECkrX5eEZT6oJFqie6+kfbTA3EZCVtdQ==}
    dependencies:
      enhanced-resolve: 5.15.0
    dev: false

  /object-assign@4.1.1:
    resolution: {integrity: sha512-rJgTQnkUnH1sFw8yT6VSU3zD3sWmu6sZhIseY8VX+GRu3P6F7Fu+JNDoXfklElbLJSnc3FUQHVe4cU5hj+BcUg==}
    engines: {node: '>=0.10.0'}
    dev: false

  /prop-types@15.8.1:
    resolution: {integrity: sha512-oj87CgZICdulUohogVAR7AjlC0327U4el4L6eAvOqCeudMDVU0NThNaV+b9Df4dXgSP1gXMTnPdhfe/2qDH5cg==}
    dependencies:
      loose-envify: 1.4.0
      object-assign: 4.1.1
      react-is: 16.13.1
    dev: false

  /react-intersection-observer@8.34.0(react@18.2.0):
    resolution: {integrity: sha512-TYKh52Zc0Uptp5/b4N91XydfSGKubEhgZRtcg1rhTKABXijc4Sdr1uTp5lJ8TN27jwUsdXxjHXtHa0kPj704sw==}
    peerDependencies:
      react: ^15.0.0 || ^16.0.0 || ^17.0.0|| ^18.0.0
    dependencies:
      react: 18.2.0
    dev: false

  /react-is@16.13.1:
    resolution: {integrity: sha512-24e6ynE2H+OKt4kqsOvNd8kBpV65zoxbA4BVsEOB3ARVWQki/DHzaUoC5KuON/BiccDaCCTZBuOcfZs70kR8bQ==}
    dev: false

  /react-vertical-timeline-component@3.6.0(react@18.2.0):
    resolution: {integrity: sha512-l9zulqjIGlRuaQeplGzV4r/tG2RYBpYt84Il8w4IxnJze2cDIGI04MKo3F7f1sHT0Sih1ohEFts8UV23AJS15Q==}
    requiresBuild: true
    dependencies:
      classnames: 2.5.1
      prop-types: 15.8.1
      react-intersection-observer: 8.34.0(react@18.2.0)
    transitivePeerDependencies:
      - react
    dev: false

  /react@18.2.0:
    resolution: {integrity: sha512-/3IjMdb2L9QbBdWiW5e3P2/npwMBaU9mHCSCUzNln0ZCYbcfTsGbTJrU/kGemdH2IWmB2ioZ+zkxtmq6g09fGQ==}
    engines: {node: '>=0.10.0'}
    dependencies:
      loose-envify: 1.4.0
    dev: false

  /tapable@2.2.1:
    resolution: {integrity: sha512-GNzQvQTOIP6RyTfE2Qxb8ZVlNmw0n88vp1szwWRimP02mnTsx3Wtn5qRdqY9w2XduFNUgvOwhNnQsjwCp+kqaQ==}
    engines: {node: '>=6'}
    dev: false
